
Microsoft Visual Studio Solution File, Format Version 12.00
# Visual Studio 15
VisualStudioVersion = 15.0.28307.539
MinimumVisualStudioVersion = 10.0.40219.1
Project("{FAE04EC0-301F-11D3-BF4B-00C04F79EFBC}") = "TestLogin.UI", "TestLogin.UI\TestLogin.UI.csproj", "{3B7DBEE0-EFA5-454D-8E95-FEDCB9008BFD}"
EndProject
Project("{FAE04EC0-301F-11D3-BF4B-00C04F79EFBC}") = "TestLogin.BLL", "TestLogin.BLL\TestLogin.BLL.csproj", "{CF0E44E3-543E-4407-BDD0-B8212396CDFC}"
EndProject
Project("{FAE04EC0-301F-11D3-BF4B-00C04F79EFBC}") = "TestLogin.DAL", "TestLogin.DAL\TestLogin.DAL.csproj", "{7D28A1AC-0070-4C73-B592-30534E5A5ADE}"
EndProject
Global
	GlobalSection(SolutionConfigurationPlatforms) = preSolution
		Debug|Any CPU = Debug|Any CPU
		Release|Any CPU = Release|Any CPU
	EndGlobalSection
	GlobalSection(ProjectConfigurationPlatforms) = postSolution
		{3B7DBEE0-EFA5-454D-8E95-FEDCB9008BFD}.Debug|Any CPU.ActiveCfg = Debug|Any CPU
		{3B7DBEE0-EFA5-454D-8E95-FEDCB9008BFD}.Debug|Any CPU.Build.0 = Debug|Any CPU
		{3B7DBEE0-EFA5-454D-8E95-FEDCB9008BFD}.Release|Any CPU.ActiveCfg = Release|Any CPU
		{3B7DBEE0-EFA5-454D-8E95-FEDCB9008BFD}.Release|Any CPU.Build.0 = Release|Any CPU
		{CF0E44E3-543E-4407-BDD0-B8212396CDFC}.Debug|Any CPU.ActiveCfg = Debug|Any CPU
		{CF0E44E3-543E-4407-BDD0-B8212396CDFC}.Debug|Any CPU.Build.0 = Debug|Any CPU
		{CF0E44E3-543E-4407-BDD0-B8212396CDFC}.Release|Any CPU.ActiveCfg = Release|Any CPU
		{CF0E44E3-543E-4407-BDD0-B8212396CDFC}.Release|Any CPU.Build.0 = Release|Any CPU
		{7D28A1AC-0070-4C73-B592-30534E5A5ADE}.Debug|Any CPU.ActiveCfg = Debug|Any CPU
		{7D28A1AC-0070-4C73-B592-30534E5A5ADE}.Debug|Any CPU.Build.0 = Debug|Any CPU
		{7D28A1AC-0070-4C73-B592-30534E5A5ADE}.Release|Any CPU.ActiveCfg = Release|Any CPU
		{7D28A1AC-0070-4C73-B592-30534E5A5ADE}.Release|Any CPU.Build.0 = Release|Any CPU
	EndGlobalSection
	GlobalSection(SolutionProperties) = preSolution
		HideSolutionNode = FALSE
	EndGlobalSection
	GlobalSection(ExtensibilityGlobals) = postSolution
		SolutionGuid = {280C8071-06D0-46BD-8CE6-A9EB262A48AD}
	EndGlobalSection
EndGlobal
